// !$*UTF8*$!
{
	archiveVersion = 1;
	classes = {
	};
	objectVersion = 50;
	objects = {

/* Begin PBXBuildFile section */
		4E4F7693217DF56B005D4A3B /* Collection.swift in Sources */ = {isa = PBXBuildFile; fileRef = 4E4F7692217DF56B005D4A3B /* Collection.swift */; };
		4E614F5E2172628E00EC31B4 /* AppDelegate.swift in Sources */ = {isa = PBXBuildFile; fileRef = 4E614F5D2172628E00EC31B4 /* AppDelegate.swift */; };
		4E614F602172628E00EC31B4 /* ViewController.swift in Sources */ = {isa = PBXBuildFile; fileRef = 4E614F5F2172628E00EC31B4 /* ViewController.swift */; };
		4E614F632172628E00EC31B4 /* Main.storyboard in Resources */ = {isa = PBXBuildFile; fileRef = 4E614F612172628E00EC31B4 /* Main.storyboard */; };
		4E614F652172628E00EC31B4 /* Assets.xcassets in Resources */ = {isa = PBXBuildFile; fileRef = 4E614F642172628E00EC31B4 /* Assets.xcassets */; };
		4E614F682172628E00EC31B4 /* LaunchScreen.storyboard in Resources */ = {isa = PBXBuildFile; fileRef = 4E614F662172628E00EC31B4 /* LaunchScreen.storyboard */; };
		4E614F732172628E00EC31B4 /* quit_catTests.swift in Sources */ = {isa = PBXBuildFile; fileRef = 4E614F722172628E00EC31B4 /* quit_catTests.swift */; };
		4E614F7E2172628E00EC31B4 /* quit_catUITests.swift in Sources */ = {isa = PBXBuildFile; fileRef = 4E614F7D2172628E00EC31B4 /* quit_catUITests.swift */; };
		4E614F8C217262E500EC31B4 /* GoogleService-Info.plist in Resources */ = {isa = PBXBuildFile; fileRef = 4E614F8B217262E500EC31B4 /* GoogleService-Info.plist */; };
		4E6F5039217BB31B0006B9BC /* usersData.swift in Sources */ = {isa = PBXBuildFile; fileRef = 4E6F5038217BB31A0006B9BC /* usersData.swift */; };
		B4E14DA623C2C86B1FA3B6BB /* Pods_quit_catTests.framework in Frameworks */ = {isa = PBXBuildFile; fileRef = 2EFF2278B54CA42CAA5D3B6F /* Pods_quit_catTests.framework */; };
		BA0EF8A7EBBCD75F1D37CB55 /* Pods_quit_cat.framework in Frameworks */ = {isa = PBXBuildFile; fileRef = 09C5C89219B69A1A0A248DEE /* Pods_quit_cat.framework */; };
		F7AFA2CB17AF8A81B583A352 /* Pods_quit_catUITests.framework in Frameworks */ = {isa = PBXBuildFile; fileRef = 81E7B6BB656BD00FB27D91DB /* Pods_quit_catUITests.framework */; };
/* End PBXBuildFile section */

/* Begin PBXContainerItemProxy section */
		4E614F6F2172628E00EC31B4 /* PBXContainerItemProxy */ = {
			isa = PBXContainerItemProxy;
			containerPortal = 4E614F522172628E00EC31B4 /* Project object */;
			proxyType = 1;
			remoteGlobalIDString = 4E614F592172628E00EC31B4;
			remoteInfo = quit_cat;
		};
		4E614F7A2172628E00EC31B4 /* PBXContainerItemProxy */ = {
			isa = PBXContainerItemProxy;
			containerPortal = 4E614F522172628E00EC31B4 /* Project object */;
			proxyType = 1;
			remoteGlobalIDString = 4E614F592172628E00EC31B4;
			remoteInfo = quit_cat;
		};
/* End PBXContainerItemProxy section */

/* Begin PBXFileReference section */
		029FD9C04160A934EA1797FF /* Pods-quit_catUITests.release.xcconfig */ = {isa = PBXFileReference; includeInIndex = 1; lastKnownFileType = text.xcconfig; name = "Pods-quit_catUITests.release.xcconfig"; path = "Pods/Target Support Files/Pods-quit_catUITests/Pods-quit_catUITests.release.xcconfig"; sourceTree = "<group>"; };
		09C5C89219B69A1A0A248DEE /* Pods_quit_cat.framework */ = {isa = PBXFileReference; explicitFileType = wrapper.framework; includeInIndex = 0; path = Pods_quit_cat.framework; sourceTree = BUILT_PRODUCTS_DIR; };
		2EFF2278B54CA42CAA5D3B6F /* Pods_quit_catTests.framework */ = {isa = PBXFileReference; explicitFileType = wrapper.framework; includeInIndex = 0; path = Pods_quit_catTests.framework; sourceTree = BUILT_PRODUCTS_DIR; };
		3880EABC2B38D27A88F94897 /* Pods-quit_cat.debug.xcconfig */ = {isa = PBXFileReference; includeInIndex = 1; lastKnownFileType = text.xcconfig; name = "Pods-quit_cat.debug.xcconfig"; path = "Pods/Target Support Files/Pods-quit_cat/Pods-quit_cat.debug.xcconfig"; sourceTree = "<group>"; };
		42C24BD5C2EA0C2670F1945D /* Pods-quit_catUITests.debug.xcconfig */ = {isa = PBXFileReference; includeInIndex = 1; lastKnownFileType = text.xcconfig; name = "Pods-quit_catUITests.debug.xcconfig"; path = "Pods/Target Support Files/Pods-quit_catUITests/Pods-quit_catUITests.debug.xcconfig"; sourceTree = "<group>"; };
		42E2313941B2DDD9B222F7A5 /* Pods-quit_catTests.release.xcconfig */ = {isa = PBXFileReference; includeInIndex = 1; lastKnownFileType = text.xcconfig; name = "Pods-quit_catTests.release.xcconfig"; path = "Pods/Target Support Files/Pods-quit_catTests/Pods-quit_catTests.release.xcconfig"; sourceTree = "<group>"; };
		4B6C0947281481E77BBD7D9C /* Pods-quit_cat.release.xcconfig */ = {isa = PBXFileReference; includeInIndex = 1; lastKnownFileType = text.xcconfig; name = "Pods-quit_cat.release.xcconfig"; path = "Pods/Target Support Files/Pods-quit_cat/Pods-quit_cat.release.xcconfig"; sourceTree = "<group>"; };
		4E4F7692217DF56B005D4A3B /* Collection.swift */ = {isa = PBXFileReference; lastKnownFileType = sourcecode.swift; path = Collection.swift; sourceTree = "<group>"; };
		4E614F5A2172628E00EC31B4 /* quit_cat.app */ = {isa = PBXFileReference; explicitFileType = wrapper.application; includeInIndex = 0; path = quit_cat.app; sourceTree = BUILT_PRODUCTS_DIR; };
		4E614F5D2172628E00EC31B4 /* AppDelegate.swift */ = {isa = PBXFileReference; lastKnownFileType = sourcecode.swift; path = AppDelegate.swift; sourceTree = "<group>"; };
		4E614F5F2172628E00EC31B4 /* ViewController.swift */ = {isa = PBXFileReference; lastKnownFileType = sourcecode.swift; path = ViewController.swift; sourceTree = "<group>"; };
		4E614F622172628E00EC31B4 /* Base */ = {isa = PBXFileReference; lastKnownFileType = file.storyboard; name = Base; path = Base.lproj/Main.storyboard; sourceTree = "<group>"; };
		4E614F642172628E00EC31B4 /* Assets.xcassets */ = {isa = PBXFileReference; lastKnownFileType = folder.assetcatalog; path = Assets.xcassets; sourceTree = "<group>"; };
		4E614F672172628E00EC31B4 /* Base */ = {isa = PBXFileReference; lastKnownFileType = file.storyboard; name = Base; path = Base.lproj/LaunchScreen.storyboard; sourceTree = "<group>"; };
		4E614F692172628E00EC31B4 /* Info.plist */ = {isa = PBXFileReference; lastKnownFileType = text.plist.xml; path = Info.plist; sourceTree = "<group>"; };
		4E614F6E2172628E00EC31B4 /* quit_catTests.xctest */ = {isa = PBXFileReference; explicitFileType = wrapper.cfbundle; includeInIndex = 0; path = quit_catTests.xctest; sourceTree = BUILT_PRODUCTS_DIR; };
		4E614F722172628E00EC31B4 /* quit_catTests.swift */ = {isa = PBXFileReference; lastKnownFileType = sourcecode.swift; path = quit_catTests.swift; sourceTree = "<group>"; };
		4E614F742172628E00EC31B4 /* Info.plist */ = {isa = PBXFileReference; lastKnownFileType = text.plist.xml; path = Info.plist; sourceTree = "<group>"; };
		4E614F792172628E00EC31B4 /* quit_catUITests.xctest */ = {isa = PBXFileReference; explicitFileType = wrapper.cfbundle; includeInIndex = 0; path = quit_catUITests.xctest; sourceTree = BUILT_PRODUCTS_DIR; };
		4E614F7D2172628E00EC31B4 /* quit_catUITests.swift */ = {isa = PBXFileReference; lastKnownFileType = sourcecode.swift; path = quit_catUITests.swift; sourceTree = "<group>"; };
		4E614F7F2172628E00EC31B4 /* Info.plist */ = {isa = PBXFileReference; lastKnownFileType = text.plist.xml; path = Info.plist; sourceTree = "<group>"; };
		4E614F8B217262E500EC31B4 /* GoogleService-Info.plist */ = {isa = PBXFileReference; fileEncoding = 4; lastKnownFileType = text.plist.xml; path = "GoogleService-Info.plist"; sourceTree = "<group>"; };
		4E6F5038217BB31A0006B9BC /* usersData.swift */ = {isa = PBXFileReference; lastKnownFileType = sourcecode.swift; path = usersData.swift; sourceTree = "<group>"; };
		6125D7C9ABEACA06EBB71D3D /* Pods-quit_catTests.debug.xcconfig */ = {isa = PBXFileReference; includeInIndex = 1; lastKnownFileType = text.xcconfig; name = "Pods-quit_catTests.debug.xcconfig"; path = "Pods/Target Support Files/Pods-quit_catTests/Pods-quit_catTests.debug.xcconfig"; sourceTree = "<group>"; };
		81E7B6BB656BD00FB27D91DB /* Pods_quit_catUITests.framework */ = {isa = PBXFileReference; explicitFileType = wrapper.framework; includeInIndex = 0; path = Pods_quit_catUITests.framework; sourceTree = BUILT_PRODUCTS_DIR; };
/* End PBXFileReference section */

/* Begin PBXFrameworksBuildPhase section */
		4E614F572172628E00EC31B4 /* Frameworks */ = {
			isa = PBXFrameworksBuildPhase;
			buildActionMask = 2147483647;
			files = (
				BA0EF8A7EBBCD75F1D37CB55 /* Pods_quit_cat.framework in Frameworks */,
			);
			runOnlyForDeploymentPostprocessing = 0;
		};
		4E614F6B2172628E00EC31B4 /* Frameworks */ = {
			isa = PBXFrameworksBuildPhase;
			buildActionMask = 2147483647;
			files = (
				B4E14DA623C2C86B1FA3B6BB /* Pods_quit_catTests.framework in Frameworks */,
			);
			runOnlyForDeploymentPostprocessing = 0;
		};
		4E614F762172628E00EC31B4 /* Frameworks */ = {
			isa = PBXFrameworksBuildPhase;
			buildActionMask = 2147483647;
			files = (
				F7AFA2CB17AF8A81B583A352 /* Pods_quit_catUITests.framework in Frameworks */,
			);
			runOnlyForDeploymentPostprocessing = 0;
		};
/* End PBXFrameworksBuildPhase section */

/* Begin PBXGroup section */
		4E614F512172628E00EC31B4 = {
			isa = PBXGroup;
			children = (
				4E614F5C2172628E00EC31B4 /* quit_cat */,
				4E614F712172628E00EC31B4 /* quit_catTests */,
				4E614F7C2172628E00EC31B4 /* quit_catUITests */,
				4E614F5B2172628E00EC31B4 /* Products */,
				FD605926427285D5318A1253 /* Pods */,
				C5E6E08E221DCB3861FC15B9 /* Frameworks */,
			);
			sourceTree = "<group>";
		};
		4E614F5B2172628E00EC31B4 /* Products */ = {
			isa = PBXGroup;
			children = (
				4E614F5A2172628E00EC31B4 /* quit_cat.app */,
				4E614F6E2172628E00EC31B4 /* quit_catTests.xctest */,
				4E614F792172628E00EC31B4 /* quit_catUITests.xctest */,
			);
			name = Products;
			sourceTree = "<group>";
		};
		4E614F5C2172628E00EC31B4 /* quit_cat */ = {
			isa = PBXGroup;
			children = (
				4E614F5D2172628E00EC31B4 /* AppDelegate.swift */,
				4E614F5F2172628E00EC31B4 /* ViewController.swift */,
				4E614F612172628E00EC31B4 /* Main.storyboard */,
				4E614F642172628E00EC31B4 /* Assets.xcassets */,
				4E614F662172628E00EC31B4 /* LaunchScreen.storyboard */,
				4E614F8B217262E500EC31B4 /* GoogleService-Info.plist */,
				4E614F692172628E00EC31B4 /* Info.plist */,
				4E6F5038217BB31A0006B9BC /* usersData.swift */,
				4E4F7692217DF56B005D4A3B /* Collection.swift */,
			);
			path = quit_cat;
			sourceTree = "<group>";
		};
		4E614F712172628E00EC31B4 /* quit_catTests */ = {
			isa = PBXGroup;
			children = (
				4E614F722172628E00EC31B4 /* quit_catTests.swift */,
				4E614F742172628E00EC31B4 /* Info.plist */,
			);
			path = quit_catTests;
			sourceTree = "<group>";
		};
		4E614F7C2172628E00EC31B4 /* quit_catUITests */ = {
			isa = PBXGroup;
			children = (
				4E614F7D2172628E00EC31B4 /* quit_catUITests.swift */,
				4E614F7F2172628E00EC31B4 /* Info.plist */,
			);
			path = quit_catUITests;
			sourceTree = "<group>";
		};
		C5E6E08E221DCB3861FC15B9 /* Frameworks */ = {
			isa = PBXGroup;
			children = (
				09C5C89219B69A1A0A248DEE /* Pods_quit_cat.framework */,
				2EFF2278B54CA42CAA5D3B6F /* Pods_quit_catTests.framework */,
				81E7B6BB656BD00FB27D91DB /* Pods_quit_catUITests.framework */,
			);
			name = Frameworks;
			sourceTree = "<group>";
		};
		FD605926427285D5318A1253 /* Pods */ = {
			isa = PBXGroup;
			children = (
				3880EABC2B38D27A88F94897 /* Pods-quit_cat.debug.xcconfig */,
				4B6C0947281481E77BBD7D9C /* Pods-quit_cat.release.xcconfig */,
				6125D7C9ABEACA06EBB71D3D /* Pods-quit_catTests.debug.xcconfig */,
				42E2313941B2DDD9B222F7A5 /* Pods-quit_catTests.release.xcconfig */,
				42C24BD5C2EA0C2670F1945D /* Pods-quit_catUITests.debug.xcconfig */,
				029FD9C04160A934EA1797FF /* Pods-quit_catUITests.release.xcconfig */,
			);
			name = Pods;
			sourceTree = "<group>";
		};
/* End PBXGroup section */

/* Begin PBXNativeTarget section */
		4E614F592172628E00EC31B4 /* quit_cat */ = {
			isa = PBXNativeTarget;
			buildConfigurationList = 4E614F822172628E00EC31B4 /* Build configuration list for PBXNativeTarget "quit_cat" */;
			buildPhases = (
				B2BB682944C8F79CBD1F459C /* [CP] Check Pods Manifest.lock */,
				4E614F562172628E00EC31B4 /* Sources */,
				4E614F572172628E00EC31B4 /* Frameworks */,
				4E614F582172628E00EC31B4 /* Resources */,
				B5C04BA426CB16D9CB52C32C /* [CP] Embed Pods Frameworks */,
				CEF0F8BC089CEDF35369C95B /* [CP] Copy Pods Resources */,
			);
			buildRules = (
			);
			dependencies = (
			);
			name = quit_cat;
			productName = quit_cat;
			productReference = 4E614F5A2172628E00EC31B4 /* quit_cat.app */;
			productType = "com.apple.product-type.application";
		};
		4E614F6D2172628E00EC31B4 /* quit_catTests */ = {
			isa = PBXNativeTarget;
			buildConfigurationList = 4E614F852172628E00EC31B4 /* Build configuration list for PBXNativeTarget "quit_catTests" */;
			buildPhases = (
				61B063D9D373675186C9A8E9 /* [CP] Check Pods Manifest.lock */,
				4E614F6A2172628E00EC31B4 /* Sources */,
				4E614F6B2172628E00EC31B4 /* Frameworks */,
				4E614F6C2172628E00EC31B4 /* Resources */,
			);
			buildRules = (
			);
			dependencies = (
				4E614F702172628E00EC31B4 /* PBXTargetDependency */,
			);
			name = quit_catTests;
			productName = quit_catTests;
			productReference = 4E614F6E2172628E00EC31B4 /* quit_catTests.xctest */;
			productType = "com.apple.product-type.bundle.unit-test";
		};
		4E614F782172628E00EC31B4 /* quit_catUITests */ = {
			isa = PBXNativeTarget;
			buildConfigurationList = 4E614F882172628E00EC31B4 /* Build configuration list for PBXNativeTarget "quit_catUITests" */;
			buildPhases = (
				BBCCE7C994ED6D0095A14CF9 /* [CP] Check Pods Manifest.lock */,
				4E614F752172628E00EC31B4 /* Sources */,
				4E614F762172628E00EC31B4 /* Frameworks */,
				4E614F772172628E00EC31B4 /* Resources */,
			);
			buildRules = (
			);
			dependencies = (
				4E614F7B2172628E00EC31B4 /* PBXTargetDependency */,
			);
			name = quit_catUITests;
			productName = quit_catUITests;
			productReference = 4E614F792172628E00EC31B4 /* quit_catUITests.xctest */;
			productType = "com.apple.product-type.bundle.ui-testing";
		};
/* End PBXNativeTarget section */

/* Begin PBXProject section */
		4E614F522172628E00EC31B4 /* Project object */ = {
			isa = PBXProject;
			attributes = {
				LastSwiftUpdateCheck = 1000;
				LastUpgradeCheck = 1000;
				ORGANIZATIONNAME = Gary;
				TargetAttributes = {
					4E614F592172628E00EC31B4 = {
						CreatedOnToolsVersion = 10.0;
					};
					4E614F6D2172628E00EC31B4 = {
						CreatedOnToolsVersion = 10.0;
						TestTargetID = 4E614F592172628E00EC31B4;
					};
					4E614F782172628E00EC31B4 = {
						CreatedOnToolsVersion = 10.0;
						TestTargetID = 4E614F592172628E00EC31B4;
					};
				};
			};
			buildConfigurationList = 4E614F552172628E00EC31B4 /* Build configuration list for PBXProject "quit_cat" */;
			compatibilityVersion = "Xcode 9.3";
			developmentRegion = en;
			hasScannedForEncodings = 0;
			knownRegions = (
				en,
				Base,
			);
			mainGroup = 4E614F512172628E00EC31B4;
			productRefGroup = 4E614F5B2172628E00EC31B4 /* Products */;
			projectDirPath = "";
			projectRoot = "";
			targets = (
				4E614F592172628E00EC31B4 /* quit_cat */,
				4E614F6D2172628E00EC31B4 /* quit_catTests */,
				4E614F782172628E00EC31B4 /* quit_catUITests */,
			);
		};
/* End PBXProject section */

/* Begin PBXResourcesBuildPhase section */
		4E614F582172628E00EC31B4 /* Resources */ = {
			isa = PBXResourcesBuildPhase;
			buildActionMask = 2147483647;
			files = (
				4E614F682172628E00EC31B4 /* LaunchScreen.storyboard in Resources */,
				4E614F8C217262E500EC31B4 /* GoogleService-Info.plist in Resources */,
				4E614F652172628E00EC31B4 /* Assets.xcassets in Resources */,
				4E614F632172628E00EC31B4 /* Main.storyboard in Resources */,
			);
			runOnlyForDeploymentPostprocessing = 0;
		};
		4E614F6C2172628E00EC31B4 /* Resources */ = {
			isa = PBXResourcesBuildPhase;
			buildActionMask = 2147483647;
			files = (
			);
			runOnlyForDeploymentPostprocessing = 0;
		};
		4E614F772172628E00EC31B4 /* Resources */ = {
			isa = PBXResourcesBuildPhase;
			buildActionMask = 2147483647;
			files = (
			);
			runOnlyForDeploymentPostprocessing = 0;
		};
/* End PBXResourcesBuildPhase section */

/* Begin PBXShellScriptBuildPhase section */
		61B063D9D373675186C9A8E9 /* [CP] Check Pods Manifest.lock */ = {
			isa = PBXShellScriptBuildPhase;
			buildActionMask = 2147483647;
			files = (
			);
			inputFileListPaths = (
			);
			inputPaths = (
				"${PODS_PODFILE_DIR_PATH}/Podfile.lock",
				"${PODS_ROOT}/Manifest.lock",
			);
			name = "[CP] Check Pods Manifest.lock";
			outputFileListPaths = (
			);
			outputPaths = (
				"$(DERIVED_FILE_DIR)/Pods-quit_catTests-checkManifestLockResult.txt",
			);
			runOnlyForDeploymentPostprocessing = 0;
			shellPath = /bin/sh;
			shellScript = "diff \"${PODS_PODFILE_DIR_PATH}/Podfile.lock\" \"${PODS_ROOT}/Manifest.lock\" > /dev/null\nif [ $? != 0 ] ; then\n    # print error to STDERR\n    echo \"error: The sandbox is not in sync with the Podfile.lock. Run 'pod install' or update your CocoaPods installation.\" >&2\n    exit 1\nfi\n# This output is used by Xcode 'outputs' to avoid re-running this script phase.\necho \"SUCCESS\" > \"${SCRIPT_OUTPUT_FILE_0}\"\n";
			showEnvVarsInLog = 0;
		};
		B2BB682944C8F79CBD1F459C /* [CP] Check Pods Manifest.lock */ = {
			isa = PBXShellScriptBuildPhase;
			buildActionMask = 2147483647;
			files = (
			);
			inputFileListPaths = (
			);
			inputPaths = (
				"${PODS_PODFILE_DIR_PATH}/Podfile.lock",
				"${PODS_ROOT}/Manifest.lock",
			);
			name = "[CP] Check Pods Manifest.lock";
			outputFileListPaths = (
			);
			outputPaths = (
				"$(DERIVED_FILE_DIR)/Pods-quit_cat-checkManifestLockResult.txt",
			);
			runOnlyForDeploymentPostprocessing = 0;
			shellPath = /bin/sh;
			shellScript = "diff \"${PODS_PODFILE_DIR_PATH}/Podfile.lock\" \"${PODS_ROOT}/Manifest.lock\" > /dev/null\nif [ $? != 0 ] ; then\n    # print error to STDERR\n    echo \"error: The sandbox is not in sync with the Podfile.lock. Run 'pod install' or update your CocoaPods installation.\" >&2\n    exit 1\nfi\n# This output is used by Xcode 'outputs' to avoid re-running this script phase.\necho \"SUCCESS\" > \"${SCRIPT_OUTPUT_FILE_0}\"\n";
			showEnvVarsInLog = 0;
		};
		B5C04BA426CB16D9CB52C32C /* [CP] Embed Pods Frameworks */ = {
			isa = PBXShellScriptBuildPhase;
			buildActionMask = 2147483647;
			files = (
			);
			inputFileListPaths = (
			);
			inputPaths = (
				"${SRCROOT}/Pods/Target Support Files/Pods-quit_cat/Pods-quit_cat-frameworks.sh",
				"${BUILT_PRODUCTS_DIR}/BoringSSL/openssl.framework",
				"${BUILT_PRODUCTS_DIR}/GTMOAuth2/GTMOAuth2.framework",
				"${BUILT_PRODUCTS_DIR}/GTMSessionFetcher/GTMSessionFetcher.framework",
				"${BUILT_PRODUCTS_DIR}/GoogleToolboxForMac/GoogleToolboxForMac.framework",
				"${BUILT_PRODUCTS_DIR}/GoogleUtilities/GoogleUtilities.framework",
				"${BUILT_PRODUCTS_DIR}/Protobuf/Protobuf.framework",
				"${BUILT_PRODUCTS_DIR}/SDWebImage/SDWebImage.framework",
				"${BUILT_PRODUCTS_DIR}/gRPC/GRPCClient.framework",
				"${BUILT_PRODUCTS_DIR}/gRPC-C++/grpcpp.framework",
				"${BUILT_PRODUCTS_DIR}/gRPC-Core/grpc.framework",
				"${BUILT_PRODUCTS_DIR}/gRPC-ProtoRPC/ProtoRPC.framework",
				"${BUILT_PRODUCTS_DIR}/gRPC-RxLibrary/RxLibrary.framework",
				"${BUILT_PRODUCTS_DIR}/leveldb-library/leveldb.framework",
				"${BUILT_PRODUCTS_DIR}/nanopb/nanopb.framework",
			);
			name = "[CP] Embed Pods Frameworks";
			outputFileListPaths = (
			);
			outputPaths = (
				"${TARGET_BUILD_DIR}/${FRAMEWORKS_FOLDER_PATH}/openssl.framework",
				"${TARGET_BUILD_DIR}/${FRAMEWORKS_FOLDER_PATH}/GTMOAuth2.framework",
				"${TARGET_BUILD_DIR}/${FRAMEWORKS_FOLDER_PATH}/GTMSessionFetcher.framework",
				"${TARGET_BUILD_DIR}/${FRAMEWORKS_FOLDER_PATH}/GoogleToolboxForMac.framework",
				"${TARGET_BUILD_DIR}/${FRAMEWORKS_FOLDER_PATH}/GoogleUtilities.framework",
				"${TARGET_BUILD_DIR}/${FRAMEWORKS_FOLDER_PATH}/Protobuf.framework",
				"${TARGET_BUILD_DIR}/${FRAMEWORKS_FOLDER_PATH}/SDWebImage.framework",
				"${TARGET_BUILD_DIR}/${FRAMEWORKS_FOLDER_PATH}/GRPCClient.framework",
				"${TARGET_BUILD_DIR}/${FRAMEWORKS_FOLDER_PATH}/grpcpp.framework",
				"${TARGET_BUILD_DIR}/${FRAMEWORKS_FOLDER_PATH}/grpc.framework",
				"${TARGET_BUILD_DIR}/${FRAMEWORKS_FOLDER_PATH}/ProtoRPC.framework",
				"${TARGET_BUILD_DIR}/${FRAMEWORKS_FOLDER_PATH}/RxLibrary.framework",
				"${TARGET_BUILD_DIR}/${FRAMEWORKS_FOLDER_PATH}/leveldb.framework",
				"${TARGET_BUILD_DIR}/${FRAMEWORKS_FOLDER_PATH}/nanopb.framework",
			);
			runOnlyForDeploymentPostprocessing = 0;
			shellPath = /bin/sh;
			shellScript = "\"${SRCROOT}/Pods/Target Support Files/Pods-quit_cat/Pods-quit_cat-frameworks.sh\"\n";
			showEnvVarsInLog = 0;
		};
		BBCCE7C994ED6D0095A14CF9 /* [CP] Check Pods Manifest.lock */ = {
			isa = PBXShellScriptBuildPhase;
			buildActionMask = 2147483647;
			files = (
			);
			inputFileListPaths = (
			);
			inputPaths = (
				"${PODS_PODFILE_DIR_PATH}/Podfile.lock",
				"${PODS_ROOT}/Manifest.lock",
			);
			name = "[CP] Check Pods Manifest.lock";
			outputFileListPaths = (
			);
			outputPaths = (
				"$(DERIVED_FILE_DIR)/Pods-quit_catUITests-checkManifestLockResult.txt",
			);
			runOnlyForDeploymentPostprocessing = 0;
			shellPath = /bin/sh;
			shellScript = "diff \"${PODS_PODFILE_DIR_PATH}/Podfile.lock\" \"${PODS_ROOT}/Manifest.lock\" > /dev/null\nif [ $? != 0 ] ; then\n    # print error to STDERR\n    echo \"error: The sandbox is not in sync with the Podfile.lock. Run 'pod install' or update your CocoaPods installation.\" >&2\n    exit 1\nfi\n# This output is used by Xcode 'outputs' to avoid re-running this script phase.\necho \"SUCCESS\" > \"${SCRIPT_OUTPUT_FILE_0}\"\n";
			showEnvVarsInLog = 0;
		};
		CEF0F8BC089CEDF35369C95B /* [CP] Copy Pods Resources */ = {
			isa = PBXShellScriptBuildPhase;
			buildActionMask = 2147483647;
			files = (
			);
			inputFileListPaths = (
			);
			inputPaths = (
				"${SRCROOT}/Pods/Target Support Files/Pods-quit_cat/Pods-quit_cat-resources.sh",
				"${PODS_CONFIGURATION_BUILD_DIR}/FirebaseUI/FirebaseAuthUI.bundle",
				"${PODS_CONFIGURATION_BUILD_DIR}/FirebaseUI/FirebaseGoogleAuthUI.bundle",
				"${PODS_ROOT}/GoogleSignIn/Resources/GoogleSignIn.bundle",
			);
			name = "[CP] Copy Pods Resources";
			outputFileListPaths = (
			);
			outputPaths = (
				"${TARGET_BUILD_DIR}/${UNLOCALIZED_RESOURCES_FOLDER_PATH}/FirebaseAuthUI.bundle",
				"${TARGET_BUILD_DIR}/${UNLOCALIZED_RESOURCES_FOLDER_PATH}/FirebaseGoogleAuthUI.bundle",
				"${TARGET_BUILD_DIR}/${UNLOCALIZED_RESOURCES_FOLDER_PATH}/GoogleSignIn.bundle",
			);
			runOnlyForDeploymentPostprocessing = 0;
			shellPath = /bin/sh;
			shellScript = "\"${SRCROOT}/Pods/Target Support Files/Pods-quit_cat/Pods-quit_cat-resources.sh\"\n";
			showEnvVarsInLog = 0;
		};
/* End PBXShellScriptBuildPhase section */

/* Begin PBXSourcesBuildPhase section */
		4E614F562172628E00EC31B4 /* Sources */ = {
			isa = PBXSourcesBuildPhase;
			buildActionMask = 2147483647;
			files = (
				4E614F602172628E00EC31B4 /* ViewController.swift in Sources */,
				4E614F5E2172628E00EC31B4 /* AppDelegate.swift in Sources */,
				4E6F5039217BB31B0006B9BC /* usersData.swift in Sources */,
				4E4F7693217DF56B005D4A3B /* Collection.swift in Sources */,
			);
			runOnlyForDeploymentPostprocessing = 0;
		};
		4E614F6A2172628E00EC31B4 /* Sources */ = {
			isa = PBXSourcesBuildPhase;
			buildActionMask = 2147483647;
			files = (
				4E614F732172628E00EC31B4 /* quit_catTests.swift in Sources */,
			);
			runOnlyForDeploymentPostprocessing = 0;
		};
		4E614F752172628E00EC31B4 /* Sources */ = {
			isa = PBXSourcesBuildPhase;
			buildActionMask = 2147483647;
			files = (
				4E614F7E2172628E00EC31B4 /* quit_catUITests.swift in Sources */,
			);
			runOnlyForDeploymentPostprocessing = 0;
		};
/* End PBXSourcesBuildPhase section */

/* Begin PBXTargetDependency section */
		4E614F702172628E00EC31B4 /* PBXTargetDependency */ = {
			isa = PBXTargetDependency;
			target = 4E614F592172628E00EC31B4 /* quit_cat */;
			targetProxy = 4E614F6F2172628E00EC31B4 /* PBXContainerItemProxy */;
		};
		4E614F7B2172628E00EC31B4 /* PBXTargetDependency */ = {
			isa = PBXTargetDependency;
			target = 4E614F592172628E00EC31B4 /* quit_cat */;
			targetProxy = 4E614F7A2172628E00EC31B4 /* PBXContainerItemProxy */;
		};
/* End PBXTargetDependency section */

/* Begin PBXVariantGroup section */
		4E614F612172628E00EC31B4 /* Main.storyboard */ = {
			isa = PBXVariantGroup;
			children = (
				4E614F622172628E00EC31B4 /* Base */,
			);
			name = Main.storyboard;
			sourceTree = "<group>";
		};
		4E614F662172628E00EC31B4 /* LaunchScreen.storyboard */ = {
			isa = PBXVariantGroup;
			children = (
				4E614F672172628E00EC31B4 /* Base */,
			);
			name = LaunchScreen.storyboard;
			sourceTree = "<group>";
		};
/* End PBXVariantGroup section */

/* Begin XCBuildConfiguration section */
		4E614F802172628E00EC31B4 /* Debug */ = {
			isa = XCBuildConfiguration;
			buildSettings = {
				ALWAYS_SEARCH_USER_PATHS = NO;
				CLANG_ANALYZER_NONNULL = YES;
				CLANG_ANALYZER_NUMBER_OBJECT_CONVERSION = YES_AGGRESSIVE;
				CLANG_CXX_LANGUAGE_STANDARD = "gnu++14";
				CLANG_CXX_LIBRARY = "libc++";
				CLANG_ENABLE_MODULES = YES;
				CLANG_ENABLE_OBJC_ARC = YES;
				CLANG_ENABLE_OBJC_WEAK = YES;
				CLANG_WARN_BLOCK_CAPTURE_AUTORELEASING = YES;
				CLANG_WARN_BOOL_CONVERSION = YES;
				CLANG_WARN_COMMA = YES;
				CLANG_WARN_CONSTANT_CONVERSION = YES;
				CLANG_WARN_DEPRECATED_OBJC_IMPLEMENTATIONS = YES;
				CLANG_WARN_DIRECT_OBJC_ISA_USAGE = YES_ERROR;
				CLANG_WARN_DOCUMENTATION_COMMENTS = YES;
				CLANG_WARN_EMPTY_BODY = YES;
				CLANG_WARN_ENUM_CONVERSION = YES;
				CLANG_WARN_INFINITE_RECURSION = YES;
				CLANG_WARN_INT_CONVERSION = YES;
				CLANG_WARN_NON_LITERAL_NULL_CONVERSION = YES;
				CLANG_WARN_OBJC_IMPLICIT_RETAIN_SELF = YES;
				CLANG_WARN_OBJC_LITERAL_CONVERSION = YES;
				CLANG_WARN_OBJC_ROOT_CLASS = YES_ERROR;
				CLANG_WARN_RANGE_LOOP_ANALYSIS = YES;
				CLANG_WARN_STRICT_PROTOTYPES = YES;
				CLANG_WARN_SUSPICIOUS_MOVE = YES;
				CLANG_WARN_UNGUARDED_AVAILABILITY = YES_AGGRESSIVE;
				CLANG_WARN_UNREACHABLE_CODE = YES;
				CLANG_WARN__DUPLICATE_METHOD_MATCH = YES;
				CODE_SIGN_IDENTITY = "iPhone Developer";
				COPY_PHASE_STRIP = NO;
				DEBUG_INFORMATION_FORMAT = dwarf;
				ENABLE_STRICT_OBJC_MSGSEND = YES;
				ENABLE_TESTABILITY = YES;
				GCC_C_LANGUAGE_STANDARD = gnu11;
				GCC_DYNAMIC_NO_PIC = NO;
				GCC_NO_COMMON_BLOCKS = YES;
				GCC_OPTIMIZATION_LEVEL = 0;
				GCC_PREPROCESSOR_DEFINITIONS = (
					"DEBUG=1",
					"$(inherited)",
				);
				GCC_WARN_64_TO_32_BIT_CONVERSION = YES;
				GCC_WARN_ABOUT_RETURN_TYPE = YES_ERROR;
				GCC_WARN_UNDECLARED_SELECTOR = YES;
				GCC_WARN_UNINITIALIZED_AUTOS = YES_AGGRESSIVE;
				GCC_WARN_UNUSED_FUNCTION = YES;
				GCC_WARN_UNUSED_VARIABLE = YES;
				IPHONEOS_DEPLOYMENT_TARGET = 12.0;
				MTL_ENABLE_DEBUG_INFO = INCLUDE_SOURCE;
				MTL_FAST_MATH = YES;
				ONLY_ACTIVE_ARCH = YES;
				SDKROOT = iphoneos;
				SWIFT_ACTIVE_COMPILATION_CONDITIONS = DEBUG;
				SWIFT_OPTIMIZATION_LEVEL = "-Onone";
			};
			name = Debug;
		};
		4E614F812172628E00EC31B4 /* Release */ = {
			isa = XCBuildConfiguration;
			buildSettings = {
				ALWAYS_SEARCH_USER_PATHS = NO;
				CLANG_ANALYZER_NONNULL = YES;
				CLANG_ANALYZER_NUMBER_OBJECT_CONVERSION = YES_AGGRESSIVE;
				CLANG_CXX_LANGUAGE_STANDARD = "gnu++14";
				CLANG_CXX_LIBRARY = "libc++";
				CLANG_ENABLE_MODULES = YES;
				CLANG_ENABLE_OBJC_ARC = YES;
				CLANG_ENABLE_OBJC_WEAK = YES;
				CLANG_WARN_BLOCK_CAPTURE_AUTORELEASING = YES;
				CLANG_WARN_BOOL_CONVERSION = YES;
				CLANG_WARN_COMMA = YES;
				CLANG_WARN_CONSTANT_CONVERSION = YES;
				CLANG_WARN_DEPRECATED_OBJC_IMPLEMENTATIONS = YES;
				CLANG_WARN_DIRECT_OBJC_ISA_USAGE = YES_ERROR;
				CLANG_WARN_DOCUMENTATION_COMMENTS = YES;
				CLANG_WARN_EMPTY_BODY = YES;
				CLANG_WARN_ENUM_CONVERSION = YES;
				CLANG_WARN_INFINITE_RECURSION = YES;
				CLANG_WARN_INT_CONVERSION = YES;
				CLANG_WARN_NON_LITERAL_NULL_CONVERSION = YES;
				CLANG_WARN_OBJC_IMPLICIT_RETAIN_SELF = YES;
				CLANG_WARN_OBJC_LITERAL_CONVERSION = YES;
				CLANG_WARN_OBJC_ROOT_CLASS = YES_ERROR;
				CLANG_WARN_RANGE_LOOP_ANALYSIS = YES;
				CLANG_WARN_STRICT_PROTOTYPES = YES;
				CLANG_WARN_SUSPICIOUS_MOVE = YES;
				CLANG_WARN_UNGUARDED_AVAILABILITY = YES_AGGRESSIVE;
				CLANG_WARN_UNREACHABLE_CODE = YES;
				CLANG_WARN__DUPLICATE_METHOD_MATCH = YES;
				CODE_SIGN_IDENTITY = "iPhone Developer";
				COPY_PHASE_STRIP = NO;
				DEBUG_INFORMATION_FORMAT = "dwarf-with-dsym";
				ENABLE_NS_ASSERTIONS = NO;
				ENABLE_STRICT_OBJC_MSGSEND = YES;
				GCC_C_LANGUAGE_STANDARD = gnu11;
				GCC_NO_COMMON_BLOCKS = YES;
				GCC_WARN_64_TO_32_BIT_CONVERSION = YES;
				GCC_WARN_ABOUT_RETURN_TYPE = YES_ERROR;
				GCC_WARN_UNDECLARED_SELECTOR = YES;
				GCC_WARN_UNINITIALIZED_AUTOS = YES_AGGRESSIVE;
				GCC_WARN_UNUSED_FUNCTION = YES;
				GCC_WARN_UNUSED_VARIABLE = YES;
				IPHONEOS_DEPLOYMENT_TARGET = 12.0;
				MTL_ENABLE_DEBUG_INFO = NO;
				MTL_FAST_MATH = YES;
				SDKROOT = iphoneos;
				SWIFT_COMPILATION_MODE = wholemodule;
				SWIFT_OPTIMIZATION_LEVEL = "-O";
				VALIDATE_PRODUCT = YES;
			};
			name = Release;
		};
		4E614F832172628E00EC31B4 /* Debug */ = {
			isa = XCBuildConfiguration;
			baseConfigurationReference = 3880EABC2B38D27A88F94897 /* Pods-quit_cat.debug.xcconfig */;
			buildSettings = {
				ASSETCATALOG_COMPILER_APPICON_NAME = AppIcon;
				CODE_SIGN_STYLE = Automatic;
				INFOPLIST_FILE = quit_cat/Info.plist;
				LD_RUNPATH_SEARCH_PATHS = (
					"$(inherited)",
					"@executable_path/Frameworks",
				);
				PRODUCT_BUNDLE_IDENTIFIER = "gary.quit-cat";
				PRODUCT_NAME = "$(TARGET_NAME)";
				SWIFT_VERSION = 4.2;
				TARGETED_DEVICE_FAMILY = "1,2";
			};
			name = Debug;
		};
		4E614F842172628E00EC31B4 /* Release */ = {
			isa = XCBuildConfiguration;
			baseConfigurationReference = 4B6C0947281481E77BBD7D9C /* Pods-quit_cat.release.xcconfig */;
			buildSettings = {
				ASSETCATALOG_COMPILER_APPICON_NAME = AppIcon;
				CODE_SIGN_STYLE = Automatic;
				INFOPLIST_FILE = quit_cat/Info.plist;
				LD_RUNPATH_SEARCH_PATHS = (
					"$(inherited)",
					"@executable_path/Frameworks",
				);
				PRODUCT_BUNDLE_IDENTIFIER = "gary.quit-cat";
				PRODUCT_NAME = "$(TARGET_NAME)";
				SWIFT_VERSION = 4.2;
				TARGETED_DEVICE_FAMILY = "1,2";
			};
			name = Release;
		};
		4E614F862172628E00EC31B4 /* Debug */ = {
			isa = XCBuildConfiguration;
			baseConfigurationReference = 6125D7C9ABEACA06EBB71D3D /* Pods-quit_catTests.debug.xcconfig */;
			buildSettings = {
				ALWAYS_EMBED_SWIFT_STANDARD_LIBRARIES = YES;
				BUNDLE_LOADER = "$(TEST_HOST)";
				CODE_SIGN_STYLE = Automatic;
				INFOPLIST_FILE = quit_catTests/Info.plist;
				LD_RUNPATH_SEARCH_PATHS = (
					"$(inherited)",
					"@executable_path/Frameworks",
					"@loader_path/Frameworks",
				);
				PRODUCT_BUNDLE_IDENTIFIER = "gary.quit-catTests";
				PRODUCT_NAME = "$(TARGET_NAME)";
				SWIFT_VERSION = 4.2;
				TARGETED_DEVICE_FAMILY = "1,2";
				TEST_HOST = "$(BUILT_PRODUCTS_DIR)/quit_cat.app/quit_cat";
			};
			name = Debug;
		};
		4E614F872172628E00EC31B4 /* Release */ = {
			isa = XCBuildConfiguration;
			baseConfigurationReference = 42E2313941B2DDD9B222F7A5 /* Pods-quit_catTests.release.xcconfig */;
			buildSettings = {
				ALWAYS_EMBED_SWIFT_STANDARD_LIBRARIES = YES;
				BUNDLE_LOADER = "$(TEST_HOST)";
				CODE_SIGN_STYLE = Automatic;
				INFOPLIST_FILE = quit_catTests/Info.plist;
				LD_RUNPATH_SEARCH_PATHS = (
					"$(inherited)",
					"@executable_path/Frameworks",
					"@loader_path/Frameworks",
				);
				PRODUCT_BUNDLE_IDENTIFIER = "gary.quit-catTests";
				PRODUCT_NAME = "$(TARGET_NAME)";
				SWIFT_VERSION = 4.2;
				TARGETED_DEVICE_FAMILY = "1,2";
				TEST_HOST = "$(BUILT_PRODUCTS_DIR)/quit_cat.app/quit_cat";
			};
			name = Release;
		};
		4E614F892172628E00EC31B4 /* Debug */ = {
			isa = XCBuildConfiguration;
			baseConfigurationReference = 42C24BD5C2EA0C2670F1945D /* Pods-quit_catUITests.debug.xcconfig */;
			buildSettings = {
				ALWAYS_EMBED_SWIFT_STANDARD_LIBRARIES = YES;
				CODE_SIGN_STYLE = Automatic;
				INFOPLIST_FILE = quit_catUITests/Info.plist;
				LD_RUNPATH_SEARCH_PATHS = (
					"$(inherited)",
					"@executable_path/Frameworks",
					"@loader_path/Frameworks",
				);
				PRODUCT_BUNDLE_IDENTIFIER = "gary.quit-catUITests";
				PRODUCT_NAME = "$(TARGET_NAME)";
				SWIFT_VERSION = 4.2;
				TARGETED_DEVICE_FAMILY = "1,2";
				TEST_TARGET_NAME = quit_cat;
			};
			name = Debug;
		};
		4E614F8A2172628E00EC31B4 /* Release */ = {
			isa = XCBuildConfiguration;
			baseConfigurationReference = 029FD9C04160A934EA1797FF /* Pods-quit_catUITests.release.xcconfig */;
			buildSettings = {
				ALWAYS_EMBED_SWIFT_STANDARD_LIBRARIES = YES;
				CODE_SIGN_STYLE = Automatic;
				INFOPLIST_FILE = quit_catUITests/Info.plist;
				LD_RUNPATH_SEARCH_PATHS = (
					"$(inherited)",
					"@executable_path/Frameworks",
					"@loader_path/Frameworks",
				);
				PRODUCT_BUNDLE_IDENTIFIER = "gary.quit-catUITests";
				PRODUCT_NAME = "$(TARGET_NAME)";
				SWIFT_VERSION = 4.2;
				TARGETED_DEVICE_FAMILY = "1,2";
				TEST_TARGET_NAME = quit_cat;
			};
			name = Release;
		};
/* End XCBuildConfiguration section */

/* Begin XCConfigurationList section */
		4E614F552172628E00EC31B4 /* Build configuration list for PBXProject "quit_cat" */ = {
			isa = XCConfigurationList;
			buildConfigurations = (
				4E614F802172628E00EC31B4 /* Debug */,
				4E614F812172628E00EC31B4 /* Release */,
			);
			defaultConfigurationIsVisible = 0;
			defaultConfigurationName = Release;
		};
		4E614F822172628E00EC31B4 /* Build configuration list for PBXNativeTarget "quit_cat" */ = {
			isa = XCConfigurationList;
			buildConfigurations = (
				4E614F832172628E00EC31B4 /* Debug */,
				4E614F842172628E00EC31B4 /* Release */,
			);
			defaultConfigurationIsVisible = 0;
			defaultConfigurationName = Release;
		};
		4E614F852172628E00EC31B4 /* Build configuration list for PBXNativeTarget "quit_catTests" */ = {
			isa = XCConfigurationList;
			buildConfigurations = (
				4E614F862172628E00EC31B4 /* Debug */,
				4E614F872172628E00EC31B4 /* Release */,
			);
			defaultConfigurationIsVisible = 0;
			defaultConfigurationName = Release;
		};
		4E614F882172628E00EC31B4 /* Build configuration list for PBXNativeTarget "quit_catUITests" */ = {
			isa = XCConfigurationList;
			buildConfigurations = (
				4E614F892172628E00EC31B4 /* Debug */,
				4E614F8A2172628E00EC31B4 /* Release */,
			);
			defaultConfigurationIsVisible = 0;
			defaultConfigurationName = Release;
		};
/* End XCConfigurationList section */
	};
	rootObject = 4E614F522172628E00EC31B4 /* Project object */;
}
